
Microsoft Visual Studio Solution File, Format Version 12.00
# Visual Studio Version 16
VisualStudioVersion = 16.0.28729.10
MinimumVisualStudioVersion = 10.0.40219.1
Project("{FAE04EC0-301F-11D3-BF4B-00C04F79EFBC}") = "Body_Mass_Index_Calculator", "Body_Mass_Index_Calculator\Body_Mass_Index_Calculator.csproj", "{6E036BEF-E3C1-482B-845A-F573288CF9CF}"
EndProject
Global
	GlobalSection(SolutionConfigurationPlatforms) = preSolution
		Debug|Any CPU = Debug|Any CPU
		Release|Any CPU = Release|Any CPU
	EndGlobalSection
	GlobalSection(ProjectConfigurationPlatforms) = postSolution
		{6E036BEF-E3C1-482B-845A-F573288CF9CF}.Debug|Any CPU.ActiveCfg = Debug|Any CPU
		{6E036BEF-E3C1-482B-845A-F573288CF9CF}.Debug|Any CPU.Build.0 = Debug|Any CPU
		{6E036BEF-E3C1-482B-845A-F573288CF9CF}.Release|Any CPU.ActiveCfg = Release|Any CPU
		{6E036BEF-E3C1-482B-845A-F573288CF9CF}.Release|Any CPU.Build.0 = Release|Any CPU
	EndGlobalSection
	GlobalSection(SolutionProperties) = preSolution
		HideSolutionNode = FALSE
	EndGlobalSection
	GlobalSection(ExtensibilityGlobals) = postSolution
		SolutionGuid = {65356BFC-F64E-4C9B-8F34-CD16AFAEACF8}
	EndGlobalSection
EndGlobal
